
Microsoft Visual Studio Solution File, Format Version 12.00
# Visual Studio Version 16
VisualStudioVersion = 16.0.31205.134
MinimumVisualStudioVersion = 10.0.40219.1
Project("{9A19103F-16F7-4668-BE54-9A1E7A4F7556}") = "StockData.Worker", "StockData.Worker\StockData.Worker.csproj", "{9DA94AEB-BC0A-48C4-BC28-207D6A33AF4A}"
EndProject
Project("{9A19103F-16F7-4668-BE54-9A1E7A4F7556}") = "StockData.Data", "StockData.Data\StockData.Data.csproj", "{34D85F55-2863-41DA-AC5F-3E79200F32B3}"
EndProject
Project("{9A19103F-16F7-4668-BE54-9A1E7A4F7556}") = "StockData.Manager", "StockData.Manager\StockData.Manager.csproj", "{05626455-2C15-4B8F-B45C-C5C1342B354F}"
EndProject
Project("{FAE04EC0-301F-11D3-BF4B-00C04F79EFBC}") = "StockData.HtmlData", "StockData.HtmlData\StockData.HtmlData.csproj", "{7A6E6116-59F7-4848-BAEF-622A7E0D0E05}"
EndProject
Global
	GlobalSection(SolutionConfigurationPlatforms) = preSolution
		Debug|Any CPU = Debug|Any CPU
		Release|Any CPU = Release|Any CPU
	EndGlobalSection
	GlobalSection(ProjectConfigurationPlatforms) = postSolution
		{9DA94AEB-BC0A-48C4-BC28-207D6A33AF4A}.Debug|Any CPU.ActiveCfg = Debug|Any CPU
		{9DA94AEB-BC0A-48C4-BC28-207D6A33AF4A}.Debug|Any CPU.Build.0 = Debug|Any CPU
		{9DA94AEB-BC0A-48C4-BC28-207D6A33AF4A}.Release|Any CPU.ActiveCfg = Release|Any CPU
		{9DA94AEB-BC0A-48C4-BC28-207D6A33AF4A}.Release|Any CPU.Build.0 = Release|Any CPU
		{34D85F55-2863-41DA-AC5F-3E79200F32B3}.Debug|Any CPU.ActiveCfg = Debug|Any CPU
		{34D85F55-2863-41DA-AC5F-3E79200F32B3}.Debug|Any CPU.Build.0 = Debug|Any CPU
		{34D85F55-2863-41DA-AC5F-3E79200F32B3}.Release|Any CPU.ActiveCfg = Release|Any CPU
		{34D85F55-2863-41DA-AC5F-3E79200F32B3}.Release|Any CPU.Build.0 = Release|Any CPU
		{05626455-2C15-4B8F-B45C-C5C1342B354F}.Debug|Any CPU.ActiveCfg = Debug|Any CPU
		{05626455-2C15-4B8F-B45C-C5C1342B354F}.Debug|Any CPU.Build.0 = Debug|Any CPU
		{05626455-2C15-4B8F-B45C-C5C1342B354F}.Release|Any CPU.ActiveCfg = Release|Any CPU
		{05626455-2C15-4B8F-B45C-C5C1342B354F}.Release|Any CPU.Build.0 = Release|Any CPU
		{7A6E6116-59F7-4848-BAEF-622A7E0D0E05}.Debug|Any CPU.ActiveCfg = Debug|Any CPU
		{7A6E6116-59F7-4848-BAEF-622A7E0D0E05}.Debug|Any CPU.Build.0 = Debug|Any CPU
		{7A6E6116-59F7-4848-BAEF-622A7E0D0E05}.Release|Any CPU.ActiveCfg = Release|Any CPU
		{7A6E6116-59F7-4848-BAEF-622A7E0D0E05}.Release|Any CPU.Build.0 = Release|Any CPU
	EndGlobalSection
	GlobalSection(SolutionProperties) = preSolution
		HideSolutionNode = FALSE
	EndGlobalSection
	GlobalSection(ExtensibilityGlobals) = postSolution
		SolutionGuid = {9E52C217-1ED6-4615-8233-617E79562193}
	EndGlobalSection
EndGlobal
